
Microsoft Visual Studio Solution File, Format Version 12.00
# Visual Studio 2013
VisualStudioVersion = 12.0.21005.1
MinimumVisualStudioVersion = 10.0.40219.1
Project("{FAE04EC0-301F-11D3-BF4B-00C04F79EFBC}") = "Account app", "Account app\Account app.csproj", "{E0D693BB-B149-4571-9346-D3991BF42E7A}"
EndProject
Global
	GlobalSection(SolutionConfigurationPlatforms) = preSolution
		Debug|Any CPU = Debug|Any CPU
		Release|Any CPU = Release|Any CPU
	EndGlobalSection
	GlobalSection(ProjectConfigurationPlatforms) = postSolution
		{E0D693BB-B149-4571-9346-D3991BF42E7A}.Debug|Any CPU.ActiveCfg = Debug|Any CPU
		{E0D693BB-B149-4571-9346-D3991BF42E7A}.Debug|Any CPU.Build.0 = Debug|Any CPU
		{E0D693BB-B149-4571-9346-D3991BF42E7A}.Release|Any CPU.ActiveCfg = Release|Any CPU
		{E0D693BB-B149-4571-9346-D3991BF42E7A}.Release|Any CPU.Build.0 = Release|Any CPU
	EndGlobalSection
	GlobalSection(SolutionProperties) = preSolution
		HideSolutionNode = FALSE
	EndGlobalSection
EndGlobal
